
Microsoft Visual Studio Solution File, Format Version 12.00
# Visual Studio Version 17
VisualStudioVersion = 17.2.32616.157
MinimumVisualStudioVersion = 10.0.40219.1
Project("{2150E333-8FDC-42A3-9474-1A3956D46DE8}") = "misc", "misc", "{E5112C86-3B35-456E-A3D2-90C4C27477C6}"
	ProjectSection(SolutionItems) = preProject
		misc\changelog.txt = misc\changelog.txt
		misc\todo.txt = misc\todo.txt
	EndProjectSection
EndProject
Project("{2150E333-8FDC-42A3-9474-1A3956D46DE8}") = "nuget", "nuget", "{1BE52EC4-69EE-4A98-83E4-26FA50BD6030}"
	ProjectSection(SolutionItems) = preProject
		nuget\TauCode.Mq.NHibernate.nuspec = nuget\TauCode.Mq.NHibernate.nuspec
	EndProjectSection
EndProject
Project("{2150E333-8FDC-42A3-9474-1A3956D46DE8}") = "src", "src", "{8DEBEEEF-1338-4DB7-8D03-0D61140C3D9B}"
EndProject
Project("{2150E333-8FDC-42A3-9474-1A3956D46DE8}") = "test", "test", "{7D22E592-AEB8-48E4-AFC2-92C3157ED18D}"
EndProject
Project("{9A19103F-16F7-4668-BE54-9A1E7A4F7556}") = "TauCode.Mq.NHibernate", "src\TauCode.Mq.NHibernate\TauCode.Mq.NHibernate.csproj", "{6ACF4520-145D-4CBA-AA59-4AFB0B559FA7}"
EndProject
Project("{2150E333-8FDC-42A3-9474-1A3956D46DE8}") = "build", "build", "{FC2EC4C2-4454-4D24-9303-C0F3CEDB6892}"
	ProjectSection(SolutionItems) = preProject
		build\azure-pipelines-dev.yml = build\azure-pipelines-dev.yml
		build\azure-pipelines-main.yml = build\azure-pipelines-main.yml
	EndProjectSection
EndProject
Project("{9A19103F-16F7-4668-BE54-9A1E7A4F7556}") = "TauCode.Mq.NHibernate.LocalTests", "test\TauCode.Mq.NHibernate.LocalTests\TauCode.Mq.NHibernate.LocalTests.csproj", "{E5660C06-C5A7-4C6B-9578-F66A2A01E562}"
EndProject
Project("{9A19103F-16F7-4668-BE54-9A1E7A4F7556}") = "TauCode.Mq.NHibernate.LocalTests.App", "test\TauCode.Mq.NHibernate.LocalTests.App\TauCode.Mq.NHibernate.LocalTests.App.csproj", "{A2FA0F5D-6CFD-47A7-AB8C-BB1F29C41459}"
EndProject
Global
	GlobalSection(SolutionConfigurationPlatforms) = preSolution
		Debug|Any CPU = Debug|Any CPU
		Release|Any CPU = Release|Any CPU
	EndGlobalSection
	GlobalSection(ProjectConfigurationPlatforms) = postSolution
		{6ACF4520-145D-4CBA-AA59-4AFB0B559FA7}.Debug|Any CPU.ActiveCfg = Debug|Any CPU
		{6ACF4520-145D-4CBA-AA59-4AFB0B559FA7}.Debug|Any CPU.Build.0 = Debug|Any CPU
		{6ACF4520-145D-4CBA-AA59-4AFB0B559FA7}.Release|Any CPU.ActiveCfg = Release|Any CPU
		{6ACF4520-145D-4CBA-AA59-4AFB0B559FA7}.Release|Any CPU.Build.0 = Release|Any CPU
		{E5660C06-C5A7-4C6B-9578-F66A2A01E562}.Debug|Any CPU.ActiveCfg = Debug|Any CPU
		{E5660C06-C5A7-4C6B-9578-F66A2A01E562}.Debug|Any CPU.Build.0 = Debug|Any CPU
		{E5660C06-C5A7-4C6B-9578-F66A2A01E562}.Release|Any CPU.ActiveCfg = Release|Any CPU
		{E5660C06-C5A7-4C6B-9578-F66A2A01E562}.Release|Any CPU.Build.0 = Release|Any CPU
		{A2FA0F5D-6CFD-47A7-AB8C-BB1F29C41459}.Debug|Any CPU.ActiveCfg = Debug|Any CPU
		{A2FA0F5D-6CFD-47A7-AB8C-BB1F29C41459}.Debug|Any CPU.Build.0 = Debug|Any CPU
		{A2FA0F5D-6CFD-47A7-AB8C-BB1F29C41459}.Release|Any CPU.ActiveCfg = Release|Any CPU
		{A2FA0F5D-6CFD-47A7-AB8C-BB1F29C41459}.Release|Any CPU.Build.0 = Release|Any CPU
	EndGlobalSection
	GlobalSection(SolutionProperties) = preSolution
		HideSolutionNode = FALSE
	EndGlobalSection
	GlobalSection(NestedProjects) = preSolution
		{6ACF4520-145D-4CBA-AA59-4AFB0B559FA7} = {8DEBEEEF-1338-4DB7-8D03-0D61140C3D9B}
		{E5660C06-C5A7-4C6B-9578-F66A2A01E562} = {7D22E592-AEB8-48E4-AFC2-92C3157ED18D}
		{A2FA0F5D-6CFD-47A7-AB8C-BB1F29C41459} = {7D22E592-AEB8-48E4-AFC2-92C3157ED18D}
	EndGlobalSection
	GlobalSection(ExtensibilityGlobals) = postSolution
		SolutionGuid = {C5DBE4E4-C875-4CB4-82F2-2EAE73E09B16}
	EndGlobalSection
EndGlobal
